// !$*UTF8*$!
{
	archiveVersion = 1;
	classes = {
	};
	objectVersion = 46;
	objects = {

/* Begin PBXBuildFile section */
		B01A33D31918E32A0052F908 /* Foundation.framework in Frameworks */ = {isa = PBXBuildFile; fileRef = B01A33D21918E32A0052F908 /* Foundation.framework */; };
		B01A33D51918E32A0052F908 /* CoreGraphics.framework in Frameworks */ = {isa = PBXBuildFile; fileRef = B01A33D41918E32A0052F908 /* CoreGraphics.framework */; };
		B01A33D71918E32A0052F908 /* UIKit.framework in Frameworks */ = {isa = PBXBuildFile; fileRef = B01A33D61918E32A0052F908 /* UIKit.framework */; };
		B01A33DD1918E32A0052F908 /* InfoPlist.strings in Resources */ = {isa = PBXBuildFile; fileRef = B01A33DB1918E32A0052F908 /* InfoPlist.strings */; };
		B01A33DF1918E32A0052F908 /* main.m in Sources */ = {isa = PBXBuildFile; fileRef = B01A33DE1918E32A0052F908 /* main.m */; };
		B01A33E31918E32A0052F908 /* AppDelegate.m in Sources */ = {isa = PBXBuildFile; fileRef = B01A33E21918E32A0052F908 /* AppDelegate.m */; };
		B01A33E51918E32A0052F908 /* Images.xcassets in Resources */ = {isa = PBXBuildFile; fileRef = B01A33E41918E32A0052F908 /* Images.xcassets */; };
		B01A33EC1918E32A0052F908 /* XCTest.framework in Frameworks */ = {isa = PBXBuildFile; fileRef = B01A33EB1918E32A0052F908 /* XCTest.framework */; };
		B01A33ED1918E32A0052F908 /* Foundation.framework in Frameworks */ = {isa = PBXBuildFile; fileRef = B01A33D21918E32A0052F908 /* Foundation.framework */; };
		B01A33EE1918E32A0052F908 /* UIKit.framework in Frameworks */ = {isa = PBXBuildFile; fileRef = B01A33D61918E32A0052F908 /* UIKit.framework */; };
		B01A33F61918E32B0052F908 /* InfoPlist.strings in Resources */ = {isa = PBXBuildFile; fileRef = B01A33F41918E32A0052F908 /* InfoPlist.strings */; };
		B01A33F81918E32B0052F908 /* XJAssetsPickerTests.m in Sources */ = {isa = PBXBuildFile; fileRef = B01A33F71918E32B0052F908 /* XJAssetsPickerTests.m */; };
		B01A34151918E47B0052F908 /* XJAsset.m in Sources */ = {isa = PBXBuildFile; fileRef = B01A34041918E47B0052F908 /* XJAsset.m */; };
		B01A34161918E47B0052F908 /* XJAssetsBrowerViewController.m in Sources */ = {isa = PBXBuildFile; fileRef = B01A34061918E47B0052F908 /* XJAssetsBrowerViewController.m */; };
		B01A34171918E47B0052F908 /* XJAssetsCell.m in Sources */ = {isa = PBXBuildFile; fileRef = B01A34081918E47B0052F908 /* XJAssetsCell.m */; };
		B01A34181918E47B0052F908 /* XJAssetsGroupViewController.m in Sources */ = {isa = PBXBuildFile; fileRef = B01A340B1918E47B0052F908 /* XJAssetsGroupViewController.m */; };
		B01A34191918E47B0052F908 /* XJAssetsMediaPlayerViewController.m in Sources */ = {isa = PBXBuildFile; fileRef = B01A340D1918E47B0052F908 /* XJAssetsMediaPlayerViewController.m */; };
		B01A341A1918E47B0052F908 /* XJAssetsPicker.bundle in Resources */ = {isa = PBXBuildFile; fileRef = B01A340E1918E47B0052F908 /* XJAssetsPicker.bundle */; };
		B01A341B1918E47B0052F908 /* XJAssetsPickerController.m in Sources */ = {isa = PBXBuildFile; fileRef = B01A34101918E47B0052F908 /* XJAssetsPickerController.m */; };
		B01A341C1918E47B0052F908 /* XJAssetsViewController.m in Sources */ = {isa = PBXBuildFile; fileRef = B01A34121918E47B0052F908 /* XJAssetsViewController.m */; };
		B01A341D1918E47B0052F908 /* XJVideoCompress.m in Sources */ = {isa = PBXBuildFile; fileRef = B01A34141918E47B0052F908 /* XJVideoCompress.m */; };
		B01A34221918E8560052F908 /* MBProgressHUD.m in Sources */ = {isa = PBXBuildFile; fileRef = B01A34211918E8560052F908 /* MBProgressHUD.m */; };
		B01A34251918EBCB0052F908 /* AssetsPickerDemoViewController.m in Sources */ = {isa = PBXBuildFile; fileRef = B01A34241918EBCB0052F908 /* AssetsPickerDemoViewController.m */; };
		B04A76E9191A1B34000C6F47 /* AssetsPickerDemoViewController_iPhone.xib in Resources */ = {isa = PBXBuildFile; fileRef = B04A76E8191A1B34000C6F47 /* AssetsPickerDemoViewController_iPhone.xib */; };
		B04A76EB191A1B45000C6F47 /* AssetsPickerDemoViewController_iPad.xib in Resources */ = {isa = PBXBuildFile; fileRef = B04A76EA191A1B44000C6F47 /* AssetsPickerDemoViewController_iPad.xib */; };
		B04A76ED191A2DAC000C6F47 /* MediaPlayer.framework in Frameworks */ = {isa = PBXBuildFile; fileRef = B04A76EC191A2DAC000C6F47 /* MediaPlayer.framework */; };
/* End PBXBuildFile section */

/* Begin PBXContainerItemProxy section */
		B01A33EF1918E32A0052F908 /* PBXContainerItemProxy */ = {
			isa = PBXContainerItemProxy;
			containerPortal = B01A33C71918E32A0052F908 /* Project object */;
			proxyType = 1;
			remoteGlobalIDString = B01A33CE1918E32A0052F908;
			remoteInfo = XJAssetsPicker;
		};
/* End PBXContainerItemProxy section */

/* Begin PBXFileReference section */
		B01A33CF1918E32A0052F908 /* XJAssetsPicker.app */ = {isa = PBXFileReference; explicitFileType = wrapper.application; includeInIndex = 0; path = XJAssetsPicker.app; sourceTree = BUILT_PRODUCTS_DIR; };
		B01A33D21918E32A0052F908 /* Foundation.framework */ = {isa = PBXFileReference; lastKnownFileType = wrapper.framework; name = Foundation.framework; path = System/Library/Frameworks/Foundation.framework; sourceTree = SDKROOT; };
		B01A33D41918E32A0052F908 /* CoreGraphics.framework */ = {isa = PBXFileReference; lastKnownFileType = wrapper.framework; name = CoreGraphics.framework; path = System/Library/Frameworks/CoreGraphics.framework; sourceTree = SDKROOT; };
		B01A33D61918E32A0052F908 /* UIKit.framework */ = {isa = PBXFileReference; lastKnownFileType = wrapper.framework; name = UIKit.framework; path = System/Library/Frameworks/UIKit.framework; sourceTree = SDKROOT; };
		B01A33DA1918E32A0052F908 /* XJAssetsPicker-Info.plist */ = {isa = PBXFileReference; lastKnownFileType = text.plist.xml; path = "XJAssetsPicker-Info.plist"; sourceTree = "<group>"; };
		B01A33DC1918E32A0052F908 /* en */ = {isa = PBXFileReference; lastKnownFileType = text.plist.strings; name = en; path = en.lproj/InfoPlist.strings; sourceTree = "<group>"; };
		B01A33DE1918E32A0052F908 /* main.m */ = {isa = PBXFileReference; lastKnownFileType = sourcecode.c.objc; path = main.m; sourceTree = "<group>"; };
		B01A33E01918E32A0052F908 /* XJAssetsPicker-Prefix.pch */ = {isa = PBXFileReference; lastKnownFileType = sourcecode.c.h; path = "XJAssetsPicker-Prefix.pch"; sourceTree = "<group>"; };
		B01A33E11918E32A0052F908 /* AppDelegate.h */ = {isa = PBXFileReference; lastKnownFileType = sourcecode.c.h; path = AppDelegate.h; sourceTree = "<group>"; };
		B01A33E21918E32A0052F908 /* AppDelegate.m */ = {isa = PBXFileReference; lastKnownFileType = sourcecode.c.objc; path = AppDelegate.m; sourceTree = "<group>"; };
		B01A33E41918E32A0052F908 /* Images.xcassets */ = {isa = PBXFileReference; lastKnownFileType = folder.assetcatalog; path = Images.xcassets; sourceTree = "<group>"; };
		B01A33EA1918E32A0052F908 /* XJAssetsPickerTests.xctest */ = {isa = PBXFileReference; explicitFileType = wrapper.cfbundle; includeInIndex = 0; path = XJAssetsPickerTests.xctest; sourceTree = BUILT_PRODUCTS_DIR; };
		B01A33EB1918E32A0052F908 /* XCTest.framework */ = {isa = PBXFileReference; lastKnownFileType = wrapper.framework; name = XCTest.framework; path = Library/Frameworks/XCTest.framework; sourceTree = DEVELOPER_DIR; };
		B01A33F31918E32A0052F908 /* XJAssetsPickerTests-Info.plist */ = {isa = PBXFileReference; lastKnownFileType = text.plist.xml; path = "XJAssetsPickerTests-Info.plist"; sourceTree = "<group>"; };
		B01A33F51918E32A0052F908 /* en */ = {isa = PBXFileReference; lastKnownFileType = text.plist.strings; name = en; path = en.lproj/InfoPlist.strings; sourceTree = "<group>"; };
		B01A33F71918E32B0052F908 /* XJAssetsPickerTests.m */ = {isa = PBXFileReference; lastKnownFileType = sourcecode.c.objc; path = XJAssetsPickerTests.m; sourceTree = "<group>"; };
		B01A34031918E47B0052F908 /* XJAsset.h */ = {isa = PBXFileReference; fileEncoding = 4; lastKnownFileType = sourcecode.c.h; path = XJAsset.h; sourceTree = "<group>"; };
		B01A34041918E47B0052F908 /* XJAsset.m */ = {isa = PBXFileReference; fileEncoding = 4; lastKnownFileType = sourcecode.c.objc; path = XJAsset.m; sourceTree = "<group>"; };
		B01A34051918E47B0052F908 /* XJAssetsBrowerViewController.h */ = {isa = PBXFileReference; fileEncoding = 4; lastKnownFileType = sourcecode.c.h; path = XJAssetsBrowerViewController.h; sourceTree = "<group>"; };
		B01A34061918E47B0052F908 /* XJAssetsBrowerViewController.m */ = {isa = PBXFileReference; fileEncoding = 4; lastKnownFileType = sourcecode.c.objc; path = XJAssetsBrowerViewController.m; sourceTree = "<group>"; };
		B01A34071918E47B0052F908 /* XJAssetsCell.h */ = {isa = PBXFileReference; fileEncoding = 4; lastKnownFileType = sourcecode.c.h; path = XJAssetsCell.h; sourceTree = "<group>"; };
		B01A34081918E47B0052F908 /* XJAssetsCell.m */ = {isa = PBXFileReference; fileEncoding = 4; lastKnownFileType = sourcecode.c.objc; path = XJAssetsCell.m; sourceTree = "<group>"; };
		B01A34091918E47B0052F908 /* XJAssetSelectionDelegate.h */ = {isa = PBXFileReference; fileEncoding = 4; lastKnownFileType = sourcecode.c.h; path = XJAssetSelectionDelegate.h; sourceTree = "<group>"; };
		B01A340A1918E47B0052F908 /* XJAssetsGroupViewController.h */ = {isa = PBXFileReference; fileEncoding = 4; lastKnownFileType = sourcecode.c.h; path = XJAssetsGroupViewController.h; sourceTree = "<group>"; };
		B01A340B1918E47B0052F908 /* XJAssetsGroupViewController.m */ = {isa = PBXFileReference; fileEncoding = 4; lastKnownFileType = sourcecode.c.objc; path = XJAssetsGroupViewController.m; sourceTree = "<group>"; };
		B01A340C1918E47B0052F908 /* XJAssetsMediaPlayerViewController.h */ = {isa = PBXFileReference; fileEncoding = 4; lastKnownFileType = sourcecode.c.h; path = XJAssetsMediaPlayerViewController.h; sourceTree = "<group>"; };
		B01A340D1918E47B0052F908 /* XJAssetsMediaPlayerViewController.m */ = {isa = PBXFileReference; fileEncoding = 4; lastKnownFileType = sourcecode.c.objc; path = XJAssetsMediaPlayerViewController.m; sourceTree = "<group>"; };
		B01A340E1918E47B0052F908 /* XJAssetsPicker.bundle */ = {isa = PBXFileReference; lastKnownFileType = "wrapper.plug-in"; path = XJAssetsPicker.bundle; sourceTree = "<group>"; };
		B01A340F1918E47B0052F908 /* XJAssetsPickerController.h */ = {isa = PBXFileReference; fileEncoding = 4; lastKnownFileType = sourcecode.c.h; path = XJAssetsPickerController.h; sourceTree = "<group>"; };
		B01A34101918E47B0052F908 /* XJAssetsPickerController.m */ = {isa = PBXFileReference; fileEncoding = 4; lastKnownFileType = sourcecode.c.objc; path = XJAssetsPickerController.m; sourceTree = "<group>"; };
		B01A34111918E47B0052F908 /* XJAssetsViewController.h */ = {isa = PBXFileReference; fileEncoding = 4; lastKnownFileType = sourcecode.c.h; path = XJAssetsViewController.h; sourceTree = "<group>"; };
		B01A34121918E47B0052F908 /* XJAssetsViewController.m */ = {isa = PBXFileReference; fileEncoding = 4; lastKnownFileType = sourcecode.c.objc; path = XJAssetsViewController.m; sourceTree = "<group>"; };
		B01A34131918E47B0052F908 /* XJVideoCompress.h */ = {isa = PBXFileReference; fileEncoding = 4; lastKnownFileType = sourcecode.c.h; path = XJVideoCompress.h; sourceTree = "<group>"; };
		B01A34141918E47B0052F908 /* XJVideoCompress.m */ = {isa = PBXFileReference; fileEncoding = 4; lastKnownFileType = sourcecode.c.objc; path = XJVideoCompress.m; sourceTree = "<group>"; };
		B01A34201918E8560052F908 /* MBProgressHUD.h */ = {isa = PBXFileReference; fileEncoding = 4; lastKnownFileType = sourcecode.c.h; path = MBProgressHUD.h; sourceTree = "<group>"; };
		B01A34211918E8560052F908 /* MBProgressHUD.m */ = {isa = PBXFileReference; fileEncoding = 4; lastKnownFileType = sourcecode.c.objc; path = MBProgressHUD.m; sourceTree = "<group>"; };
		B01A34231918EBCB0052F908 /* AssetsPickerDemoViewController.h */ = {isa = PBXFileReference; fileEncoding = 4; lastKnownFileType = sourcecode.c.h; path = AssetsPickerDemoViewController.h; sourceTree = "<group>"; };
		B01A34241918EBCB0052F908 /* AssetsPickerDemoViewController.m */ = {isa = PBXFileReference; fileEncoding = 4; lastKnownFileType = sourcecode.c.objc; path = AssetsPickerDemoViewController.m; sourceTree = "<group>"; };
		B04A76E8191A1B34000C6F47 /* AssetsPickerDemoViewController_iPhone.xib */ = {isa = PBXFileReference; fileEncoding = 4; lastKnownFileType = file.xib; path = AssetsPickerDemoViewController_iPhone.xib; sourceTree = "<group>"; };
		B04A76EA191A1B44000C6F47 /* AssetsPickerDemoViewController_iPad.xib */ = {isa = PBXFileReference; fileEncoding = 4; lastKnownFileType = file.xib; path = AssetsPickerDemoViewController_iPad.xib; sourceTree = "<group>"; };
		B04A76EC191A2DAC000C6F47 /* MediaPlayer.framework */ = {isa = PBXFileReference; lastKnownFileType = wrapper.framework; name = MediaPlayer.framework; path = System/Library/Frameworks/MediaPlayer.framework; sourceTree = SDKROOT; };
/* End PBXFileReference section */

/* Begin PBXFrameworksBuildPhase section */
		B01A33CC1918E32A0052F908 /* Frameworks */ = {
			isa = PBXFrameworksBuildPhase;
			buildActionMask = 2147483647;
			files = (
				B04A76ED191A2DAC000C6F47 /* MediaPlayer.framework in Frameworks */,
				B01A33D51918E32A0052F908 /* CoreGraphics.framework in Frameworks */,
				B01A33D71918E32A0052F908 /* UIKit.framework in Frameworks */,
				B01A33D31918E32A0052F908 /* Foundation.framework in Frameworks */,
			);
			runOnlyForDeploymentPostprocessing = 0;
		};
		B01A33E71918E32A0052F908 /* Frameworks */ = {
			isa = PBXFrameworksBuildPhase;
			buildActionMask = 2147483647;
			files = (
				B01A33EC1918E32A0052F908 /* XCTest.framework in Frameworks */,
				B01A33EE1918E32A0052F908 /* UIKit.framework in Frameworks */,
				B01A33ED1918E32A0052F908 /* Foundation.framework in Frameworks */,
			);
			runOnlyForDeploymentPostprocessing = 0;
		};
/* End PBXFrameworksBuildPhase section */

/* Begin PBXGroup section */
		B01A33C61918E32A0052F908 = {
			isa = PBXGroup;
			children = (
				B01A33D81918E32A0052F908 /* XJAssetsPicker */,
				B01A33F11918E32A0052F908 /* XJAssetsPickerTests */,
				B01A33D11918E32A0052F908 /* Frameworks */,
				B01A33D01918E32A0052F908 /* Products */,
			);
			sourceTree = "<group>";
		};
		B01A33D01918E32A0052F908 /* Products */ = {
			isa = PBXGroup;
			children = (
				B01A33CF1918E32A0052F908 /* XJAssetsPicker.app */,
				B01A33EA1918E32A0052F908 /* XJAssetsPickerTests.xctest */,
			);
			name = Products;
			sourceTree = "<group>";
		};
		B01A33D11918E32A0052F908 /* Frameworks */ = {
			isa = PBXGroup;
			children = (
				B04A76EC191A2DAC000C6F47 /* MediaPlayer.framework */,
				B01A33D21918E32A0052F908 /* Foundation.framework */,
				B01A33D41918E32A0052F908 /* CoreGraphics.framework */,
				B01A33D61918E32A0052F908 /* UIKit.framework */,
				B01A33EB1918E32A0052F908 /* XCTest.framework */,
			);
			name = Frameworks;
			sourceTree = "<group>";
		};
		B01A33D81918E32A0052F908 /* XJAssetsPicker */ = {
			isa = PBXGroup;
			children = (
				B01A341E1918E8560052F908 /* libs */,
				B01A34011918E47B0052F908 /* Classes */,
				B01A33E11918E32A0052F908 /* AppDelegate.h */,
				B01A33E21918E32A0052F908 /* AppDelegate.m */,
				B01A34231918EBCB0052F908 /* AssetsPickerDemoViewController.h */,
				B01A34241918EBCB0052F908 /* AssetsPickerDemoViewController.m */,
				B04A76E8191A1B34000C6F47 /* AssetsPickerDemoViewController_iPhone.xib */,
				B04A76EA191A1B44000C6F47 /* AssetsPickerDemoViewController_iPad.xib */,
				B01A33E41918E32A0052F908 /* Images.xcassets */,
				B01A33D91918E32A0052F908 /* Supporting Files */,
			);
			path = XJAssetsPicker;
			sourceTree = "<group>";
		};
		B01A33D91918E32A0052F908 /* Supporting Files */ = {
			isa = PBXGroup;
			children = (
				B01A33DA1918E32A0052F908 /* XJAssetsPicker-Info.plist */,
				B01A33DB1918E32A0052F908 /* InfoPlist.strings */,
				B01A33DE1918E32A0052F908 /* main.m */,
				B01A33E01918E32A0052F908 /* XJAssetsPicker-Prefix.pch */,
			);
			name = "Supporting Files";
			sourceTree = "<group>";
		};
		B01A33F11918E32A0052F908 /* XJAssetsPickerTests */ = {
			isa = PBXGroup;
			children = (
				B01A33F71918E32B0052F908 /* XJAssetsPickerTests.m */,
				B01A33F21918E32A0052F908 /* Supporting Files */,
			);
			path = XJAssetsPickerTests;
			sourceTree = "<group>";
		};
		B01A33F21918E32A0052F908 /* Supporting Files */ = {
			isa = PBXGroup;
			children = (
				B01A33F31918E32A0052F908 /* XJAssetsPickerTests-Info.plist */,
				B01A33F41918E32A0052F908 /* InfoPlist.strings */,
			);
			name = "Supporting Files";
			sourceTree = "<group>";
		};
		B01A34011918E47B0052F908 /* Classes */ = {
			isa = PBXGroup;
			children = (
				B01A34021918E47B0052F908 /* XJAssetsPicker */,
			);
			path = Classes;
			sourceTree = "<group>";
		};
		B01A34021918E47B0052F908 /* XJAssetsPicker */ = {
			isa = PBXGroup;
			children = (
				B01A34031918E47B0052F908 /* XJAsset.h */,
				B01A34041918E47B0052F908 /* XJAsset.m */,
				B01A34051918E47B0052F908 /* XJAssetsBrowerViewController.h */,
				B01A34061918E47B0052F908 /* XJAssetsBrowerViewController.m */,
				B01A34071918E47B0052F908 /* XJAssetsCell.h */,
				B01A34081918E47B0052F908 /* XJAssetsCell.m */,
				B01A34091918E47B0052F908 /* XJAssetSelectionDelegate.h */,
				B01A340A1918E47B0052F908 /* XJAssetsGroupViewController.h */,
				B01A340B1918E47B0052F908 /* XJAssetsGroupViewController.m */,
				B01A340C1918E47B0052F908 /* XJAssetsMediaPlayerViewController.h */,
				B01A340D1918E47B0052F908 /* XJAssetsMediaPlayerViewController.m */,
				B01A340E1918E47B0052F908 /* XJAssetsPicker.bundle */,
				B01A340F1918E47B0052F908 /* XJAssetsPickerController.h */,
				B01A34101918E47B0052F908 /* XJAssetsPickerController.m */,
				B01A34111918E47B0052F908 /* XJAssetsViewController.h */,
				B01A34121918E47B0052F908 /* XJAssetsViewController.m */,
				B01A34131918E47B0052F908 /* XJVideoCompress.h */,
				B01A34141918E47B0052F908 /* XJVideoCompress.m */,
			);
			path = XJAssetsPicker;
			sourceTree = "<group>";
		};
		B01A341E1918E8560052F908 /* libs */ = {
			isa = PBXGroup;
			children = (
				B01A341F1918E8560052F908 /* MBProgressHUD */,
			);
			path = libs;
			sourceTree = "<group>";
		};
		B01A341F1918E8560052F908 /* MBProgressHUD */ = {
			isa = PBXGroup;
			children = (
				B01A34201918E8560052F908 /* MBProgressHUD.h */,
				B01A34211918E8560052F908 /* MBProgressHUD.m */,
			);
			path = MBProgressHUD;
			sourceTree = "<group>";
		};
/* End PBXGroup section */

/* Begin PBXNativeTarget section */
		B01A33CE1918E32A0052F908 /* XJAssetsPicker */ = {
			isa = PBXNativeTarget;
			buildConfigurationList = B01A33FB1918E32B0052F908 /* Build configuration list for PBXNativeTarget "XJAssetsPicker" */;
			buildPhases = (
				B01A33CB1918E32A0052F908 /* Sources */,
				B01A33CC1918E32A0052F908 /* Frameworks */,
				B01A33CD1918E32A0052F908 /* Resources */,
			);
			buildRules = (
			);
			dependencies = (
			);
			name = XJAssetsPicker;
			productName = XJAssetsPicker;
			productReference = B01A33CF1918E32A0052F908 /* XJAssetsPicker.app */;
			productType = "com.apple.product-type.application";
		};
		B01A33E91918E32A0052F908 /* XJAssetsPickerTests */ = {
			isa = PBXNativeTarget;
			buildConfigurationList = B01A33FE1918E32B0052F908 /* Build configuration list for PBXNativeTarget "XJAssetsPickerTests" */;
			buildPhases = (
				B01A33E61918E32A0052F908 /* Sources */,
				B01A33E71918E32A0052F908 /* Frameworks */,
				B01A33E81918E32A0052F908 /* Resources */,
			);
			buildRules = (
			);
			dependencies = (
				B01A33F01918E32A0052F908 /* PBXTargetDependency */,
			);
			name = XJAssetsPickerTests;
			productName = XJAssetsPickerTests;
			productReference = B01A33EA1918E32A0052F908 /* XJAssetsPickerTests.xctest */;
			productType = "com.apple.product-type.bundle.unit-test";
		};
/* End PBXNativeTarget section */

/* Begin PBXProject section */
		B01A33C71918E32A0052F908 /* Project object */ = {
			isa = PBXProject;
			attributes = {
				LastUpgradeCheck = 0510;
				ORGANIZATIONNAME = LPD;
				TargetAttributes = {
					B01A33E91918E32A0052F908 = {
						TestTargetID = B01A33CE1918E32A0052F908;
					};
				};
			};
			buildConfigurationList = B01A33CA1918E32A0052F908 /* Build configuration list for PBXProject "XJAssetsPicker" */;
			compatibilityVersion = "Xcode 3.2";
			developmentRegion = English;
			hasScannedForEncodings = 0;
			knownRegions = (
				en,
			);
			mainGroup = B01A33C61918E32A0052F908;
			productRefGroup = B01A33D01918E32A0052F908 /* Products */;
			projectDirPath = "";
			projectRoot = "";
			targets = (
				B01A33CE1918E32A0052F908 /* XJAssetsPicker */,
				B01A33E91918E32A0052F908 /* XJAssetsPickerTests */,
			);
		};
/* End PBXProject section */

/* Begin PBXResourcesBuildPhase section */
		B01A33CD1918E32A0052F908 /* Resources */ = {
			isa = PBXResourcesBuildPhase;
			buildActionMask = 2147483647;
			files = (
				B01A341A1918E47B0052F908 /* XJAssetsPicker.bundle in Resources */,
				B04A76EB191A1B45000C6F47 /* AssetsPickerDemoViewController_iPad.xib in Resources */,
				B04A76E9191A1B34000C6F47 /* AssetsPickerDemoViewController_iPhone.xib in Resources */,
				B01A33DD1918E32A0052F908 /* InfoPlist.strings in Resources */,
				B01A33E51918E32A0052F908 /* Images.xcassets in Resources */,
			);
			runOnlyForDeploymentPostprocessing = 0;
		};
		B01A33E81918E32A0052F908 /* Resources */ = {
			isa = PBXResourcesBuildPhase;
			buildActionMask = 2147483647;
			files = (
				B01A33F61918E32B0052F908 /* InfoPlist.strings in Resources */,
			);
			runOnlyForDeploymentPostprocessing = 0;
		};
/* End PBXResourcesBuildPhase section */

/* Begin PBXSourcesBuildPhase section */
		B01A33CB1918E32A0052F908 /* Sources */ = {
			isa = PBXSourcesBuildPhase;
			buildActionMask = 2147483647;
			files = (
				B01A341D1918E47B0052F908 /* XJVideoCompress.m in Sources */,
				B01A33E31918E32A0052F908 /* AppDelegate.m in Sources */,
				B01A33DF1918E32A0052F908 /* main.m in Sources */,
				B01A34151918E47B0052F908 /* XJAsset.m in Sources */,
				B01A34221918E8560052F908 /* MBProgressHUD.m in Sources */,
				B01A34191918E47B0052F908 /* XJAssetsMediaPlayerViewController.m in Sources */,
				B01A34171918E47B0052F908 /* XJAssetsCell.m in Sources */,
				B01A341B1918E47B0052F908 /* XJAssetsPickerController.m in Sources */,
				B01A34251918EBCB0052F908 /* AssetsPickerDemoViewController.m in Sources */,
				B01A341C1918E47B0052F908 /* XJAssetsViewController.m in Sources */,
				B01A34181918E47B0052F908 /* XJAssetsGroupViewController.m in Sources */,
				B01A34161918E47B0052F908 /* XJAssetsBrowerViewController.m in Sources */,
			);
			runOnlyForDeploymentPostprocessing = 0;
		};
		B01A33E61918E32A0052F908 /* Sources */ = {
			isa = PBXSourcesBuildPhase;
			buildActionMask = 2147483647;
			files = (
				B01A33F81918E32B0052F908 /* XJAssetsPickerTests.m in Sources */,
			);
			runOnlyForDeploymentPostprocessing = 0;
		};
/* End PBXSourcesBuildPhase section */

/* Begin PBXTargetDependency section */
		B01A33F01918E32A0052F908 /* PBXTargetDependency */ = {
			isa = PBXTargetDependency;
			target = B01A33CE1918E32A0052F908 /* XJAssetsPicker */;
			targetProxy = B01A33EF1918E32A0052F908 /* PBXContainerItemProxy */;
		};
/* End PBXTargetDependency section */

/* Begin PBXVariantGroup section */
		B01A33DB1918E32A0052F908 /* InfoPlist.strings */ = {
			isa = PBXVariantGroup;
			children = (
				B01A33DC1918E32A0052F908 /* en */,
			);
			name = InfoPlist.strings;
			sourceTree = "<group>";
		};
		B01A33F41918E32A0052F908 /* InfoPlist.strings */ = {
			isa = PBXVariantGroup;
			children = (
				B01A33F51918E32A0052F908 /* en */,
			);
			name = InfoPlist.strings;
			sourceTree = "<group>";
		};
/* End PBXVariantGroup section */

/* Begin XCBuildConfiguration section */
		B01A33F91918E32B0052F908 /* Debug */ = {
			isa = XCBuildConfiguration;
			buildSettings = {
				ALWAYS_SEARCH_USER_PATHS = NO;
				CLANG_CXX_LANGUAGE_STANDARD = "gnu++0x";
				CLANG_CXX_LIBRARY = "libc++";
				CLANG_ENABLE_MODULES = YES;
				CLANG_ENABLE_OBJC_ARC = YES;
				CLANG_WARN_BOOL_CONVERSION = YES;
				CLANG_WARN_CONSTANT_CONVERSION = YES;
				CLANG_WARN_DIRECT_OBJC_ISA_USAGE = YES_ERROR;
				CLANG_WARN_EMPTY_BODY = YES;
				CLANG_WARN_ENUM_CONVERSION = YES;
				CLANG_WARN_INT_CONVERSION = YES;
				CLANG_WARN_OBJC_ROOT_CLASS = YES_ERROR;
				CLANG_WARN__DUPLICATE_METHOD_MATCH = YES;
				"CODE_SIGN_IDENTITY[sdk=iphoneos*]" = "iPhone Developer";
				COPY_PHASE_STRIP = NO;
				GCC_C_LANGUAGE_STANDARD = gnu99;
				GCC_DYNAMIC_NO_PIC = NO;
				GCC_OPTIMIZATION_LEVEL = 0;
				GCC_PREPROCESSOR_DEFINITIONS = (
					"DEBUG=1",
					"$(inherited)",
				);
				GCC_SYMBOLS_PRIVATE_EXTERN = NO;
				GCC_WARN_64_TO_32_BIT_CONVERSION = YES;
				GCC_WARN_ABOUT_RETURN_TYPE = YES_ERROR;
				GCC_WARN_UNDECLARED_SELECTOR = YES;
				GCC_WARN_UNINITIALIZED_AUTOS = YES_AGGRESSIVE;
				GCC_WARN_UNUSED_FUNCTION = YES;
				GCC_WARN_UNUSED_VARIABLE = YES;
				IPHONEOS_DEPLOYMENT_TARGET = 7.1;
				ONLY_ACTIVE_ARCH = YES;
				SDKROOT = iphoneos;
				TARGETED_DEVICE_FAMILY = "1,2";
			};
			name = Debug;
		};
		B01A33FA1918E32B0052F908 /* Release */ = {
			isa = XCBuildConfiguration;
			buildSettings = {
				ALWAYS_SEARCH_USER_PATHS = NO;
				CLANG_CXX_LANGUAGE_STANDARD = "gnu++0x";
				CLANG_CXX_LIBRARY = "libc++";
				CLANG_ENABLE_MODULES = YES;
				CLANG_ENABLE_OBJC_ARC = YES;
				CLANG_WARN_BOOL_CONVERSION = YES;
				CLANG_WARN_CONSTANT_CONVERSION = YES;
				CLANG_WARN_DIRECT_OBJC_ISA_USAGE = YES_ERROR;
				CLANG_WARN_EMPTY_BODY = YES;
				CLANG_WARN_ENUM_CONVERSION = YES;
				CLANG_WARN_INT_CONVERSION = YES;
				CLANG_WARN_OBJC_ROOT_CLASS = YES_ERROR;
				CLANG_WARN__DUPLICATE_METHOD_MATCH = YES;
				"CODE_SIGN_IDENTITY[sdk=iphoneos*]" = "iPhone Developer";
				COPY_PHASE_STRIP = YES;
				ENABLE_NS_ASSERTIONS = NO;
				GCC_C_LANGUAGE_STANDARD = gnu99;
				GCC_WARN_64_TO_32_BIT_CONVERSION = YES;
				GCC_WARN_ABOUT_RETURN_TYPE = YES_ERROR;
				GCC_WARN_UNDECLARED_SELECTOR = YES;
				GCC_WARN_UNINITIALIZED_AUTOS = YES_AGGRESSIVE;
				GCC_WARN_UNUSED_FUNCTION = YES;
				GCC_WARN_UNUSED_VARIABLE = YES;
				IPHONEOS_DEPLOYMENT_TARGET = 7.1;
				SDKROOT = iphoneos;
				TARGETED_DEVICE_FAMILY = "1,2";
				VALIDATE_PRODUCT = YES;
			};
			name = Release;
		};
		B01A33FC1918E32B0052F908 /* Debug */ = {
			isa = XCBuildConfiguration;
			buildSettings = {
				ASSETCATALOG_COMPILER_APPICON_NAME = AppIcon;
				ASSETCATALOG_COMPILER_LAUNCHIMAGE_NAME = LaunchImage;
				GCC_PRECOMPILE_PREFIX_HEADER = YES;
				GCC_PREFIX_HEADER = "XJAssetsPicker/XJAssetsPicker-Prefix.pch";
				INFOPLIST_FILE = "XJAssetsPicker/XJAssetsPicker-Info.plist";
				PRODUCT_NAME = "$(TARGET_NAME)";
				WRAPPER_EXTENSION = app;
			};
			name = Debug;
		};
		B01A33FD1918E32B0052F908 /* Release */ = {
			isa = XCBuildConfiguration;
			buildSettings = {
				ASSETCATALOG_COMPILER_APPICON_NAME = AppIcon;
				ASSETCATALOG_COMPILER_LAUNCHIMAGE_NAME = LaunchImage;
				GCC_PRECOMPILE_PREFIX_HEADER = YES;
				GCC_PREFIX_HEADER = "XJAssetsPicker/XJAssetsPicker-Prefix.pch";
				INFOPLIST_FILE = "XJAssetsPicker/XJAssetsPicker-Info.plist";
				PRODUCT_NAME = "$(TARGET_NAME)";
				WRAPPER_EXTENSION = app;
			};
			name = Release;
		};
		B01A33FF1918E32B0052F908 /* Debug */ = {
			isa = XCBuildConfiguration;
			buildSettings = {
				BUNDLE_LOADER = "$(BUILT_PRODUCTS_DIR)/XJAssetsPicker.app/XJAssetsPicker";
				FRAMEWORK_SEARCH_PATHS = (
					"$(SDKROOT)/Developer/Library/Frameworks",
					"$(inherited)",
					"$(DEVELOPER_FRAMEWORKS_DIR)",
				);
				GCC_PRECOMPILE_PREFIX_HEADER = YES;
				GCC_PREFIX_HEADER = "XJAssetsPicker/XJAssetsPicker-Prefix.pch";
				GCC_PREPROCESSOR_DEFINITIONS = (
					"DEBUG=1",
					"$(inherited)",
				);
				INFOPLIST_FILE = "XJAssetsPickerTests/XJAssetsPickerTests-Info.plist";
				PRODUCT_NAME = "$(TARGET_NAME)";
				TEST_HOST = "$(BUNDLE_LOADER)";
				WRAPPER_EXTENSION = xctest;
			};
			name = Debug;
		};
		B01A34001918E32B0052F908 /* Release */ = {
			isa = XCBuildConfiguration;
			buildSettings = {
				BUNDLE_LOADER = "$(BUILT_PRODUCTS_DIR)/XJAssetsPicker.app/XJAssetsPicker";
				FRAMEWORK_SEARCH_PATHS = (
					"$(SDKROOT)/Developer/Library/Frameworks",
					"$(inherited)",
					"$(DEVELOPER_FRAMEWORKS_DIR)",
				);
				GCC_PRECOMPILE_PREFIX_HEADER = YES;
				GCC_PREFIX_HEADER = "XJAssetsPicker/XJAssetsPicker-Prefix.pch";
				INFOPLIST_FILE = "XJAssetsPickerTests/XJAssetsPickerTests-Info.plist";
				PRODUCT_NAME = "$(TARGET_NAME)";
				TEST_HOST = "$(BUNDLE_LOADER)";
				WRAPPER_EXTENSION = xctest;
			};
			name = Release;
		};
/* End XCBuildConfiguration section */

/* Begin XCConfigurationList section */
		B01A33CA1918E32A0052F908 /* Build configuration list for PBXProject "XJAssetsPicker" */ = {
			isa = XCConfigurationList;
			buildConfigurations = (
				B01A33F91918E32B0052F908 /* Debug */,
				B01A33FA1918E32B0052F908 /* Release */,
			);
			defaultConfigurationIsVisible = 0;
			defaultConfigurationName = Release;
		};
		B01A33FB1918E32B0052F908 /* Build configuration list for PBXNativeTarget "XJAssetsPicker" */ = {
			isa = XCConfigurationList;
			buildConfigurations = (
				B01A33FC1918E32B0052F908 /* Debug */,
				B01A33FD1918E32B0052F908 /* Release */,
			);
			defaultConfigurationIsVisible = 0;
			defaultConfigurationName = Release;
		};
		B01A33FE1918E32B0052F908 /* Build configuration list for PBXNativeTarget "XJAssetsPickerTests" */ = {
			isa = XCConfigurationList;
			buildConfigurations = (
				B01A33FF1918E32B0052F908 /* Debug */,
				B01A34001918E32B0052F908 /* Release */,
			);
			defaultConfigurationIsVisible = 0;
			defaultConfigurationName = Release;
		};
/* End XCConfigurationList section */
	};
	rootObject = B01A33C71918E32A0052F908 /* Project object */;
}
